
Microsoft Visual Studio Solution File, Format Version 12.00
# Visual Studio 2017
Project("{FAE04EC0-301F-11D3-BF4B-00C04F79EFBC}") = "SpectatorView 5.6", "SpectatorView 5.6.csproj", "{1F3E6878-815C-31C4-43D7-5971551DF274}"
EndProject
Project("{FAE04EC0-301F-11D3-BF4B-00C04F79EFBC}") = "SpectatorView 5.6.Editor", "SpectatorView 5.6.Editor.csproj", "{9778AB3B-1F78-BAFC-D0B8-B2BE7269377A}"
EndProject
Global
	GlobalSection(SolutionConfigurationPlatforms) = preSolution
		Debug|Any CPU = Debug|Any CPU
		Release|Any CPU = Release|Any CPU
	EndGlobalSection
	GlobalSection(ProjectConfigurationPlatforms) = postSolution
		{1F3E6878-815C-31C4-43D7-5971551DF274}.Debug|Any CPU.ActiveCfg = Debug|Any CPU
		{1F3E6878-815C-31C4-43D7-5971551DF274}.Debug|Any CPU.Build.0 = Debug|Any CPU
		{1F3E6878-815C-31C4-43D7-5971551DF274}.Release|Any CPU.ActiveCfg = Release|Any CPU
		{1F3E6878-815C-31C4-43D7-5971551DF274}.Release|Any CPU.Build.0 = Release|Any CPU
		{9778AB3B-1F78-BAFC-D0B8-B2BE7269377A}.Debug|Any CPU.ActiveCfg = Debug|Any CPU
		{9778AB3B-1F78-BAFC-D0B8-B2BE7269377A}.Debug|Any CPU.Build.0 = Debug|Any CPU
		{9778AB3B-1F78-BAFC-D0B8-B2BE7269377A}.Release|Any CPU.ActiveCfg = Release|Any CPU
		{9778AB3B-1F78-BAFC-D0B8-B2BE7269377A}.Release|Any CPU.Build.0 = Release|Any CPU
	EndGlobalSection
	GlobalSection(SolutionProperties) = preSolution
		HideSolutionNode = FALSE
	EndGlobalSection
EndGlobal
